// !$*UTF8*$!
{
	archiveVersion = 1;
	classes = {
	};
	objectVersion = 50;
	objects = {

/* Begin PBXBuildFile section */
		FD8DCDE0223D8569003399F3 /* AppDelegate.swift in Sources */ = {isa = PBXBuildFile; fileRef = FD8DCDDF223D8569003399F3 /* AppDelegate.swift */; };
		FD8DCDE2223D8569003399F3 /* ViewController.swift in Sources */ = {isa = PBXBuildFile; fileRef = FD8DCDE1223D8569003399F3 /* ViewController.swift */; };
		FD8DCDE5223D8569003399F3 /* Main.storyboard in Resources */ = {isa = PBXBuildFile; fileRef = FD8DCDE3223D8569003399F3 /* Main.storyboard */; };
		FD8DCDE7223D856A003399F3 /* Assets.xcassets in Resources */ = {isa = PBXBuildFile; fileRef = FD8DCDE6223D856A003399F3 /* Assets.xcassets */; };
		FD8DCDEA223D856A003399F3 /* LaunchScreen.storyboard in Resources */ = {isa = PBXBuildFile; fileRef = FD8DCDE8223D856A003399F3 /* LaunchScreen.storyboard */; };
		FD8DCDF5223D856A003399F3 /* ParstagramTests.swift in Sources */ = {isa = PBXBuildFile; fileRef = FD8DCDF4223D856A003399F3 /* ParstagramTests.swift */; };
		FD8DCE00223D856A003399F3 /* ParstagramUITests.swift in Sources */ = {isa = PBXBuildFile; fileRef = FD8DCDFF223D856A003399F3 /* ParstagramUITests.swift */; };
/* End PBXBuildFile section */

/* Begin PBXContainerItemProxy section */
		FD8DCDF1223D856A003399F3 /* PBXContainerItemProxy */ = {
			isa = PBXContainerItemProxy;
			containerPortal = FD8DCDD4223D8568003399F3 /* Project object */;
			proxyType = 1;
			remoteGlobalIDString = FD8DCDDB223D8568003399F3;
			remoteInfo = Parstagram;
		};
		FD8DCDFC223D856A003399F3 /* PBXContainerItemProxy */ = {
			isa = PBXContainerItemProxy;
			containerPortal = FD8DCDD4223D8568003399F3 /* Project object */;
			proxyType = 1;
			remoteGlobalIDString = FD8DCDDB223D8568003399F3;
			remoteInfo = Parstagram;
		};
/* End PBXContainerItemProxy section */

/* Begin PBXFileReference section */
		FD8DCDDC223D8569003399F3 /* Parstagram.app */ = {isa = PBXFileReference; explicitFileType = wrapper.application; includeInIndex = 0; path = Parstagram.app; sourceTree = BUILT_PRODUCTS_DIR; };
		FD8DCDDF223D8569003399F3 /* AppDelegate.swift */ = {isa = PBXFileReference; lastKnownFileType = sourcecode.swift; path = AppDelegate.swift; sourceTree = "<group>"; };
		FD8DCDE1223D8569003399F3 /* ViewController.swift */ = {isa = PBXFileReference; lastKnownFileType = sourcecode.swift; path = ViewController.swift; sourceTree = "<group>"; };
		FD8DCDE4223D8569003399F3 /* Base */ = {isa = PBXFileReference; lastKnownFileType = file.storyboard; name = Base; path = Base.lproj/Main.storyboard; sourceTree = "<group>"; };
		FD8DCDE6223D856A003399F3 /* Assets.xcassets */ = {isa = PBXFileReference; lastKnownFileType = folder.assetcatalog; path = Assets.xcassets; sourceTree = "<group>"; };
		FD8DCDE9223D856A003399F3 /* Base */ = {isa = PBXFileReference; lastKnownFileType = file.storyboard; name = Base; path = Base.lproj/LaunchScreen.storyboard; sourceTree = "<group>"; };
		FD8DCDEB223D856A003399F3 /* Info.plist */ = {isa = PBXFileReference; lastKnownFileType = text.plist.xml; path = Info.plist; sourceTree = "<group>"; };
		FD8DCDF0223D856A003399F3 /* ParstagramTests.xctest */ = {isa = PBXFileReference; explicitFileType = wrapper.cfbundle; includeInIndex = 0; path = ParstagramTests.xctest; sourceTree = BUILT_PRODUCTS_DIR; };
		FD8DCDF4223D856A003399F3 /* ParstagramTests.swift */ = {isa = PBXFileReference; lastKnownFileType = sourcecode.swift; path = ParstagramTests.swift; sourceTree = "<group>"; };
		FD8DCDF6223D856A003399F3 /* Info.plist */ = {isa = PBXFileReference; lastKnownFileType = text.plist.xml; path = Info.plist; sourceTree = "<group>"; };
		FD8DCDFB223D856A003399F3 /* ParstagramUITests.xctest */ = {isa = PBXFileReference; explicitFileType = wrapper.cfbundle; includeInIndex = 0; path = ParstagramUITests.xctest; sourceTree = BUILT_PRODUCTS_DIR; };
		FD8DCDFF223D856A003399F3 /* ParstagramUITests.swift */ = {isa = PBXFileReference; lastKnownFileType = sourcecode.swift; path = ParstagramUITests.swift; sourceTree = "<group>"; };
		FD8DCE01223D856A003399F3 /* Info.plist */ = {isa = PBXFileReference; lastKnownFileType = text.plist.xml; path = Info.plist; sourceTree = "<group>"; };
/* End PBXFileReference section */

/* Begin PBXFrameworksBuildPhase section */
		FD8DCDD9223D8568003399F3 /* Frameworks */ = {
			isa = PBXFrameworksBuildPhase;
			buildActionMask = 2147483647;
			files = (
			);
			runOnlyForDeploymentPostprocessing = 0;
		};
		FD8DCDED223D856A003399F3 /* Frameworks */ = {
			isa = PBXFrameworksBuildPhase;
			buildActionMask = 2147483647;
			files = (
			);
			runOnlyForDeploymentPostprocessing = 0;
		};
		FD8DCDF8223D856A003399F3 /* Frameworks */ = {
			isa = PBXFrameworksBuildPhase;
			buildActionMask = 2147483647;
			files = (
			);
			runOnlyForDeploymentPostprocessing = 0;
		};
/* End PBXFrameworksBuildPhase section */

/* Begin PBXGroup section */
		FD8DCDD3223D8568003399F3 = {
			isa = PBXGroup;
			children = (
				FD8DCDDE223D8569003399F3 /* Parstagram */,
				FD8DCDF3223D856A003399F3 /* ParstagramTests */,
				FD8DCDFE223D856A003399F3 /* ParstagramUITests */,
				FD8DCDDD223D8569003399F3 /* Products */,
			);
			sourceTree = "<group>";
		};
		FD8DCDDD223D8569003399F3 /* Products */ = {
			isa = PBXGroup;
			children = (
				FD8DCDDC223D8569003399F3 /* Parstagram.app */,
				FD8DCDF0223D856A003399F3 /* ParstagramTests.xctest */,
				FD8DCDFB223D856A003399F3 /* ParstagramUITests.xctest */,
			);
			name = Products;
			sourceTree = "<group>";
		};
		FD8DCDDE223D8569003399F3 /* Parstagram */ = {
			isa = PBXGroup;
			children = (
				FD8DCDDF223D8569003399F3 /* AppDelegate.swift */,
				FD8DCDE1223D8569003399F3 /* ViewController.swift */,
				FD8DCDE3223D8569003399F3 /* Main.storyboard */,
				FD8DCDE6223D856A003399F3 /* Assets.xcassets */,
				FD8DCDE8223D856A003399F3 /* LaunchScreen.storyboard */,
				FD8DCDEB223D856A003399F3 /* Info.plist */,
			);
			path = Parstagram;
			sourceTree = "<group>";
		};
		FD8DCDF3223D856A003399F3 /* ParstagramTests */ = {
			isa = PBXGroup;
			children = (
				FD8DCDF4223D856A003399F3 /* ParstagramTests.swift */,
				FD8DCDF6223D856A003399F3 /* Info.plist */,
			);
			path = ParstagramTests;
			sourceTree = "<group>";
		};
		FD8DCDFE223D856A003399F3 /* ParstagramUITests */ = {
			isa = PBXGroup;
			children = (
				FD8DCDFF223D856A003399F3 /* ParstagramUITests.swift */,
				FD8DCE01223D856A003399F3 /* Info.plist */,
			);
			path = ParstagramUITests;
			sourceTree = "<group>";
		};
/* End PBXGroup section */

/* Begin PBXNativeTarget section */
		FD8DCDDB223D8568003399F3 /* Parstagram */ = {
			isa = PBXNativeTarget;
			buildConfigurationList = FD8DCE04223D856A003399F3 /* Build configuration list for PBXNativeTarget "Parstagram" */;
			buildPhases = (
				FD8DCDD8223D8568003399F3 /* Sources */,
				FD8DCDD9223D8568003399F3 /* Frameworks */,
				FD8DCDDA223D8568003399F3 /* Resources */,
			);
			buildRules = (
			);
			dependencies = (
			);
			name = Parstagram;
			productName = Parstagram;
			productReference = FD8DCDDC223D8569003399F3 /* Parstagram.app */;
			productType = "com.apple.product-type.application";
		};
		FD8DCDEF223D856A003399F3 /* ParstagramTests */ = {
			isa = PBXNativeTarget;
			buildConfigurationList = FD8DCE07223D856A003399F3 /* Build configuration list for PBXNativeTarget "ParstagramTests" */;
			buildPhases = (
				FD8DCDEC223D856A003399F3 /* Sources */,
				FD8DCDED223D856A003399F3 /* Frameworks */,
				FD8DCDEE223D856A003399F3 /* Resources */,
			);
			buildRules = (
			);
			dependencies = (
				FD8DCDF2223D856A003399F3 /* PBXTargetDependency */,
			);
			name = ParstagramTests;
			productName = ParstagramTests;
			productReference = FD8DCDF0223D856A003399F3 /* ParstagramTests.xctest */;
			productType = "com.apple.product-type.bundle.unit-test";
		};
		FD8DCDFA223D856A003399F3 /* ParstagramUITests */ = {
			isa = PBXNativeTarget;
			buildConfigurationList = FD8DCE0A223D856A003399F3 /* Build configuration list for PBXNativeTarget "ParstagramUITests" */;
			buildPhases = (
				FD8DCDF7223D856A003399F3 /* Sources */,
				FD8DCDF8223D856A003399F3 /* Frameworks */,
				FD8DCDF9223D856A003399F3 /* Resources */,
			);
			buildRules = (
			);
			dependencies = (
				FD8DCDFD223D856A003399F3 /* PBXTargetDependency */,
			);
			name = ParstagramUITests;
			productName = ParstagramUITests;
			productReference = FD8DCDFB223D856A003399F3 /* ParstagramUITests.xctest */;
			productType = "com.apple.product-type.bundle.ui-testing";
		};
/* End PBXNativeTarget section */

/* Begin PBXProject section */
		FD8DCDD4223D8568003399F3 /* Project object */ = {
			isa = PBXProject;
			attributes = {
				LastSwiftUpdateCheck = 1010;
				LastUpgradeCheck = 1010;
				ORGANIZATIONNAME = "Mantaqaa Khan";
				TargetAttributes = {
					FD8DCDDB223D8568003399F3 = {
						CreatedOnToolsVersion = 10.1;
					};
					FD8DCDEF223D856A003399F3 = {
						CreatedOnToolsVersion = 10.1;
						TestTargetID = FD8DCDDB223D8568003399F3;
					};
					FD8DCDFA223D856A003399F3 = {
						CreatedOnToolsVersion = 10.1;
						TestTargetID = FD8DCDDB223D8568003399F3;
					};
				};
			};
			buildConfigurationList = FD8DCDD7223D8568003399F3 /* Build configuration list for PBXProject "Parstagram" */;
			compatibilityVersion = "Xcode 9.3";
			developmentRegion = en;
			hasScannedForEncodings = 0;
			knownRegions = (
				en,
				Base,
			);
			mainGroup = FD8DCDD3223D8568003399F3;
			productRefGroup = FD8DCDDD223D8569003399F3 /* Products */;
			projectDirPath = "";
			projectRoot = "";
			targets = (
				FD8DCDDB223D8568003399F3 /* Parstagram */,
				FD8DCDEF223D856A003399F3 /* ParstagramTests */,
				FD8DCDFA223D856A003399F3 /* ParstagramUITests */,
			);
		};
/* End PBXProject section */

/* Begin PBXResourcesBuildPhase section */
		FD8DCDDA223D8568003399F3 /* Resources */ = {
			isa = PBXResourcesBuildPhase;
			buildActionMask = 2147483647;
			files = (
				FD8DCDEA223D856A003399F3 /* LaunchScreen.storyboard in Resources */,
				FD8DCDE7223D856A003399F3 /* Assets.xcassets in Resources */,
				FD8DCDE5223D8569003399F3 /* Main.storyboard in Resources */,
			);
			runOnlyForDeploymentPostprocessing = 0;
		};
		FD8DCDEE223D856A003399F3 /* Resources */ = {
			isa = PBXResourcesBuildPhase;
			buildActionMask = 2147483647;
			files = (
			);
			runOnlyForDeploymentPostprocessing = 0;
		};
		FD8DCDF9223D856A003399F3 /* Resources */ = {
			isa = PBXResourcesBuildPhase;
			buildActionMask = 2147483647;
			files = (
			);
			runOnlyForDeploymentPostprocessing = 0;
		};
/* End PBXResourcesBuildPhase section */

/* Begin PBXSourcesBuildPhase section */
		FD8DCDD8223D8568003399F3 /* Sources */ = {
			isa = PBXSourcesBuildPhase;
			buildActionMask = 2147483647;
			files = (
				FD8DCDE2223D8569003399F3 /* ViewController.swift in Sources */,
				FD8DCDE0223D8569003399F3 /* AppDelegate.swift in Sources */,
			);
			runOnlyForDeploymentPostprocessing = 0;
		};
		FD8DCDEC223D856A003399F3 /* Sources */ = {
			isa = PBXSourcesBuildPhase;
			buildActionMask = 2147483647;
			files = (
				FD8DCDF5223D856A003399F3 /* ParstagramTests.swift in Sources */,
			);
			runOnlyForDeploymentPostprocessing = 0;
		};
		FD8DCDF7223D856A003399F3 /* Sources */ = {
			isa = PBXSourcesBuildPhase;
			buildActionMask = 2147483647;
			files = (
				FD8DCE00223D856A003399F3 /* ParstagramUITests.swift in Sources */,
			);
			runOnlyForDeploymentPostprocessing = 0;
		};
/* End PBXSourcesBuildPhase section */

/* Begin PBXTargetDependency section */
		FD8DCDF2223D856A003399F3 /* PBXTargetDependency */ = {
			isa = PBXTargetDependency;
			target = FD8DCDDB223D8568003399F3 /* Parstagram */;
			targetProxy = FD8DCDF1223D856A003399F3 /* PBXContainerItemProxy */;
		};
		FD8DCDFD223D856A003399F3 /* PBXTargetDependency */ = {
			isa = PBXTargetDependency;
			target = FD8DCDDB223D8568003399F3 /* Parstagram */;
			targetProxy = FD8DCDFC223D856A003399F3 /* PBXContainerItemProxy */;
		};
/* End PBXTargetDependency section */

/* Begin PBXVariantGroup section */
		FD8DCDE3223D8569003399F3 /* Main.storyboard */ = {
			isa = PBXVariantGroup;
			children = (
				FD8DCDE4223D8569003399F3 /* Base */,
			);
			name = Main.storyboard;
			sourceTree = "<group>";
		};
		FD8DCDE8223D856A003399F3 /* LaunchScreen.storyboard */ = {
			isa = PBXVariantGroup;
			children = (
				FD8DCDE9223D856A003399F3 /* Base */,
			);
			name = LaunchScreen.storyboard;
			sourceTree = "<group>";
		};
/* End PBXVariantGroup section */

/* Begin XCBuildConfiguration section */
		FD8DCE02223D856A003399F3 /* Debug */ = {
			isa = XCBuildConfiguration;
			buildSettings = {
				ALWAYS_SEARCH_USER_PATHS = NO;
				CLANG_ANALYZER_NONNULL = YES;
				CLANG_ANALYZER_NUMBER_OBJECT_CONVERSION = YES_AGGRESSIVE;
				CLANG_CXX_LANGUAGE_STANDARD = "gnu++14";
				CLANG_CXX_LIBRARY = "libc++";
				CLANG_ENABLE_MODULES = YES;
				CLANG_ENABLE_OBJC_ARC = YES;
				CLANG_ENABLE_OBJC_WEAK = YES;
				CLANG_WARN_BLOCK_CAPTURE_AUTORELEASING = YES;
				CLANG_WARN_BOOL_CONVERSION = YES;
				CLANG_WARN_COMMA = YES;
				CLANG_WARN_CONSTANT_CONVERSION = YES;
				CLANG_WARN_DEPRECATED_OBJC_IMPLEMENTATIONS = YES;
				CLANG_WARN_DIRECT_OBJC_ISA_USAGE = YES_ERROR;
				CLANG_WARN_DOCUMENTATION_COMMENTS = YES;
				CLANG_WARN_EMPTY_BODY = YES;
				CLANG_WARN_ENUM_CONVERSION = YES;
				CLANG_WARN_INFINITE_RECURSION = YES;
				CLANG_WARN_INT_CONVERSION = YES;
				CLANG_WARN_NON_LITERAL_NULL_CONVERSION = YES;
				CLANG_WARN_OBJC_IMPLICIT_RETAIN_SELF = YES;
				CLANG_WARN_OBJC_LITERAL_CONVERSION = YES;
				CLANG_WARN_OBJC_ROOT_CLASS = YES_ERROR;
				CLANG_WARN_RANGE_LOOP_ANALYSIS = YES;
				CLANG_WARN_STRICT_PROTOTYPES = YES;
				CLANG_WARN_SUSPICIOUS_MOVE = YES;
				CLANG_WARN_UNGUARDED_AVAILABILITY = YES_AGGRESSIVE;
				CLANG_WARN_UNREACHABLE_CODE = YES;
				CLANG_WARN__DUPLICATE_METHOD_MATCH = YES;
				CODE_SIGN_IDENTITY = "iPhone Developer";
				COPY_PHASE_STRIP = NO;
				DEBUG_INFORMATION_FORMAT = dwarf;
				ENABLE_STRICT_OBJC_MSGSEND = YES;
				ENABLE_TESTABILITY = YES;
				GCC_C_LANGUAGE_STANDARD = gnu11;
				GCC_DYNAMIC_NO_PIC = NO;
				GCC_NO_COMMON_BLOCKS = YES;
				GCC_OPTIMIZATION_LEVEL = 0;
				GCC_PREPROCESSOR_DEFINITIONS = (
					"DEBUG=1",
					"$(inherited)",
				);
				GCC_WARN_64_TO_32_BIT_CONVERSION = YES;
				GCC_WARN_ABOUT_RETURN_TYPE = YES_ERROR;
				GCC_WARN_UNDECLARED_SELECTOR = YES;
				GCC_WARN_UNINITIALIZED_AUTOS = YES_AGGRESSIVE;
				GCC_WARN_UNUSED_FUNCTION = YES;
				GCC_WARN_UNUSED_VARIABLE = YES;
				IPHONEOS_DEPLOYMENT_TARGET = 12.1;
				MTL_ENABLE_DEBUG_INFO = INCLUDE_SOURCE;
				MTL_FAST_MATH = YES;
				ONLY_ACTIVE_ARCH = YES;
				SDKROOT = iphoneos;
				SWIFT_ACTIVE_COMPILATION_CONDITIONS = DEBUG;
				SWIFT_OPTIMIZATION_LEVEL = "-Onone";
			};
			name = Debug;
		};
		FD8DCE03223D856A003399F3 /* Release */ = {
			isa = XCBuildConfiguration;
			buildSettings = {
				ALWAYS_SEARCH_USER_PATHS = NO;
				CLANG_ANALYZER_NONNULL = YES;
				CLANG_ANALYZER_NUMBER_OBJECT_CONVERSION = YES_AGGRESSIVE;
				CLANG_CXX_LANGUAGE_STANDARD = "gnu++14";
				CLANG_CXX_LIBRARY = "libc++";
				CLANG_ENABLE_MODULES = YES;
				CLANG_ENABLE_OBJC_ARC = YES;
				CLANG_ENABLE_OBJC_WEAK = YES;
				CLANG_WARN_BLOCK_CAPTURE_AUTORELEASING = YES;
				CLANG_WARN_BOOL_CONVERSION = YES;
				CLANG_WARN_COMMA = YES;
				CLANG_WARN_CONSTANT_CONVERSION = YES;
				CLANG_WARN_DEPRECATED_OBJC_IMPLEMENTATIONS = YES;
				CLANG_WARN_DIRECT_OBJC_ISA_USAGE = YES_ERROR;
				CLANG_WARN_DOCUMENTATION_COMMENTS = YES;
				CLANG_WARN_EMPTY_BODY = YES;
				CLANG_WARN_ENUM_CONVERSION = YES;
				CLANG_WARN_INFINITE_RECURSION = YES;
				CLANG_WARN_INT_CONVERSION = YES;
				CLANG_WARN_NON_LITERAL_NULL_CONVERSION = YES;
				CLANG_WARN_OBJC_IMPLICIT_RETAIN_SELF = YES;
				CLANG_WARN_OBJC_LITERAL_CONVERSION = YES;
				CLANG_WARN_OBJC_ROOT_CLASS = YES_ERROR;
				CLANG_WARN_RANGE_LOOP_ANALYSIS = YES;
				CLANG_WARN_STRICT_PROTOTYPES = YES;
				CLANG_WARN_SUSPICIOUS_MOVE = YES;
				CLANG_WARN_UNGUARDED_AVAILABILITY = YES_AGGRESSIVE;
				CLANG_WARN_UNREACHABLE_CODE = YES;
				CLANG_WARN__DUPLICATE_METHOD_MATCH = YES;
				CODE_SIGN_IDENTITY = "iPhone Developer";
				COPY_PHASE_STRIP = NO;
				DEBUG_INFORMATION_FORMAT = "dwarf-with-dsym";
				ENABLE_NS_ASSERTIONS = NO;
				ENABLE_STRICT_OBJC_MSGSEND = YES;
				GCC_C_LANGUAGE_STANDARD = gnu11;
				GCC_NO_COMMON_BLOCKS = YES;
				GCC_WARN_64_TO_32_BIT_CONVERSION = YES;
				GCC_WARN_ABOUT_RETURN_TYPE = YES_ERROR;
				GCC_WARN_UNDECLARED_SELECTOR = YES;
				GCC_WARN_UNINITIALIZED_AUTOS = YES_AGGRESSIVE;
				GCC_WARN_UNUSED_FUNCTION = YES;
				GCC_WARN_UNUSED_VARIABLE = YES;
				IPHONEOS_DEPLOYMENT_TARGET = 12.1;
				MTL_ENABLE_DEBUG_INFO = NO;
				MTL_FAST_MATH = YES;
				SDKROOT = iphoneos;
				SWIFT_COMPILATION_MODE = wholemodule;
				SWIFT_OPTIMIZATION_LEVEL = "-O";
				VALIDATE_PRODUCT = YES;
			};
			name = Release;
		};
		FD8DCE05223D856A003399F3 /* Debug */ = {
			isa = XCBuildConfiguration;
			buildSettings = {
				ASSETCATALOG_COMPILER_APPICON_NAME = AppIcon;
				CODE_SIGN_STYLE = Automatic;
				DEVELOPMENT_TEAM = QPQVDNWL7F;
				INFOPLIST_FILE = Parstagram/Info.plist;
				LD_RUNPATH_SEARCH_PATHS = (
					"$(inherited)",
					"@executable_path/Frameworks",
				);
				PRODUCT_BUNDLE_IDENTIFIER = "code-path.Parstagram";
				PRODUCT_NAME = "$(TARGET_NAME)";
				SWIFT_VERSION = 4.2;
				TARGETED_DEVICE_FAMILY = "1,2";
			};
			name = Debug;
		};
		FD8DCE06223D856A003399F3 /* Release */ = {
			isa = XCBuildConfiguration;
			buildSettings = {
				ASSETCATALOG_COMPILER_APPICON_NAME = AppIcon;
				CODE_SIGN_STYLE = Automatic;
				DEVELOPMENT_TEAM = QPQVDNWL7F;
				INFOPLIST_FILE = Parstagram/Info.plist;
				LD_RUNPATH_SEARCH_PATHS = (
					"$(inherited)",
					"@executable_path/Frameworks",
				);
				PRODUCT_BUNDLE_IDENTIFIER = "code-path.Parstagram";
				PRODUCT_NAME = "$(TARGET_NAME)";
				SWIFT_VERSION = 4.2;
				TARGETED_DEVICE_FAMILY = "1,2";
			};
			name = Release;
		};
		FD8DCE08223D856A003399F3 /* Debug */ = {
			isa = XCBuildConfiguration;
			buildSettings = {
				ALWAYS_EMBED_SWIFT_STANDARD_LIBRARIES = YES;
				BUNDLE_LOADER = "$(TEST_HOST)";
				CODE_SIGN_STYLE = Automatic;
				DEVELOPMENT_TEAM = QPQVDNWL7F;
				INFOPLIST_FILE = ParstagramTests/Info.plist;
				LD_RUNPATH_SEARCH_PATHS = (
					"$(inherited)",
					"@executable_path/Frameworks",
					"@loader_path/Frameworks",
				);
				PRODUCT_BUNDLE_IDENTIFIER = "code-path.ParstagramTests";
				PRODUCT_NAME = "$(TARGET_NAME)";
				SWIFT_VERSION = 4.2;
				TARGETED_DEVICE_FAMILY = "1,2";
				TEST_HOST = "$(BUILT_PRODUCTS_DIR)/Parstagram.app/Parstagram";
			};
			name = Debug;
		};
		FD8DCE09223D856A003399F3 /* Release */ = {
			isa = XCBuildConfiguration;
			buildSettings = {
				ALWAYS_EMBED_SWIFT_STANDARD_LIBRARIES = YES;
				BUNDLE_LOADER = "$(TEST_HOST)";
				CODE_SIGN_STYLE = Automatic;
				DEVELOPMENT_TEAM = QPQVDNWL7F;
				INFOPLIST_FILE = ParstagramTests/Info.plist;
				LD_RUNPATH_SEARCH_PATHS = (
					"$(inherited)",
					"@executable_path/Frameworks",
					"@loader_path/Frameworks",
				);
				PRODUCT_BUNDLE_IDENTIFIER = "code-path.ParstagramTests";
				PRODUCT_NAME = "$(TARGET_NAME)";
				SWIFT_VERSION = 4.2;
				TARGETED_DEVICE_FAMILY = "1,2";
				TEST_HOST = "$(BUILT_PRODUCTS_DIR)/Parstagram.app/Parstagram";
			};
			name = Release;
		};
		FD8DCE0B223D856A003399F3 /* Debug */ = {
			isa = XCBuildConfiguration;
			buildSettings = {
				ALWAYS_EMBED_SWIFT_STANDARD_LIBRARIES = YES;
				CODE_SIGN_STYLE = Automatic;
				DEVELOPMENT_TEAM = QPQVDNWL7F;
				INFOPLIST_FILE = ParstagramUITests/Info.plist;
				LD_RUNPATH_SEARCH_PATHS = (
					"$(inherited)",
					"@executable_path/Frameworks",
					"@loader_path/Frameworks",
				);
				PRODUCT_BUNDLE_IDENTIFIER = "code-path.ParstagramUITests";
				PRODUCT_NAME = "$(TARGET_NAME)";
				SWIFT_VERSION = 4.2;
				TARGETED_DEVICE_FAMILY = "1,2";
				TEST_TARGET_NAME = Parstagram;
			};
			name = Debug;
		};
		FD8DCE0C223D856A003399F3 /* Release */ = {
			isa = XCBuildConfiguration;
			buildSettings = {
				ALWAYS_EMBED_SWIFT_STANDARD_LIBRARIES = YES;
				CODE_SIGN_STYLE = Automatic;
				DEVELOPMENT_TEAM = QPQVDNWL7F;
				INFOPLIST_FILE = ParstagramUITests/Info.plist;
				LD_RUNPATH_SEARCH_PATHS = (
					"$(inherited)",
					"@executable_path/Frameworks",
					"@loader_path/Frameworks",
				);
				PRODUCT_BUNDLE_IDENTIFIER = "code-path.ParstagramUITests";
				PRODUCT_NAME = "$(TARGET_NAME)";
				SWIFT_VERSION = 4.2;
				TARGETED_DEVICE_FAMILY = "1,2";
				TEST_TARGET_NAME = Parstagram;
			};
			name = Release;
		};
/* End XCBuildConfiguration section */

/* Begin XCConfigurationList section */
		FD8DCDD7223D8568003399F3 /* Build configuration list for PBXProject "Parstagram" */ = {
			isa = XCConfigurationList;
			buildConfigurations = (
				FD8DCE02223D856A003399F3 /* Debug */,
				FD8DCE03223D856A003399F3 /* Release */,
			);
			defaultConfigurationIsVisible = 0;
			defaultConfigurationName = Release;
		};
		FD8DCE04223D856A003399F3 /* Build configuration list for PBXNativeTarget "Parstagram" */ = {
			isa = XCConfigurationList;
			buildConfigurations = (
				FD8DCE05223D856A003399F3 /* Debug */,
				FD8DCE06223D856A003399F3 /* Release */,
			);
			defaultConfigurationIsVisible = 0;
			defaultConfigurationName = Release;
		};
		FD8DCE07223D856A003399F3 /* Build configuration list for PBXNativeTarget "ParstagramTests" */ = {
			isa = XCConfigurationList;
			buildConfigurations = (
				FD8DCE08223D856A003399F3 /* Debug */,
				FD8DCE09223D856A003399F3 /* Release */,
			);
			defaultConfigurationIsVisible = 0;
			defaultConfigurationName = Release;
		};
		FD8DCE0A223D856A003399F3 /* Build configuration list for PBXNativeTarget "ParstagramUITests" */ = {
			isa = XCConfigurationList;
			buildConfigurations = (
				FD8DCE0B223D856A003399F3 /* Debug */,
				FD8DCE0C223D856A003399F3 /* Release */,
			);
			defaultConfigurationIsVisible = 0;
			defaultConfigurationName = Release;
		};
/* End XCConfigurationList section */
	};
	rootObject = FD8DCDD4223D8568003399F3 /* Project object */;
}
